// !$*UTF8*$!
{
	archiveVersion = 1;
	classes = {
	};
	objectVersion = 77;
	objects = {

/* Begin PBXBuildFile section */
		B61370892F5370DB00DCA15B /* Quartz.framework in Frameworks */ = {isa = PBXBuildFile; fileRef = B61370882F5370DB00DCA15B /* Quartz.framework */; };
		B61370952F5370DB00DCA15B /* GeoPeekExtension.appex in Embed Foundation Extensions */ = {isa = PBXBuildFile; fileRef = B61370862F5370DB00DCA15B /* GeoPeekExtension.appex */; settings = {ATTRIBUTES = (RemoveHeadersOnCopy, ); }; };
		CC000001CC5399AA00DCA15B /* GeoPeekThumbnailExtension.appex in Embed Foundation Extensions */ = {isa = PBXBuildFile; fileRef = CC000004CC5399AA00DCA15B /* GeoPeekThumbnailExtension.appex */; settings = {ATTRIBUTES = (RemoveHeadersOnCopy, ); }; };
		CC000002CC5399AA00DCA15B /* QuickLookThumbnailing.framework in Frameworks */ = {isa = PBXBuildFile; fileRef = CC000005CC5399AA00DCA15B /* QuickLookThumbnailing.framework */; };
/* End PBXBuildFile section */

/* Begin PBXContainerItemProxy section */
		B61370932F5370DB00DCA15B /* PBXContainerItemProxy */ = {
			isa = PBXContainerItemProxy;
			containerPortal = B613706C2F5370A500DCA15B /* Project object */;
			proxyType = 1;
			remoteGlobalIDString = B61370852F5370DB00DCA15B;
			remoteInfo = GeoPeekExtension;
		};
		CC000003CC5399AA00DCA15B /* PBXContainerItemProxy */ = {
			isa = PBXContainerItemProxy;
			containerPortal = B613706C2F5370A500DCA15B /* Project object */;
			proxyType = 1;
			remoteGlobalIDString = CC00000BCC5399AA00DCA15B;
			remoteInfo = GeoPeekThumbnailExtension;
		};
/* End PBXContainerItemProxy section */

/* Begin PBXCopyFilesBuildPhase section */
		B613709A2F5370DB00DCA15B /* Embed Foundation Extensions */ = {
			isa = PBXCopyFilesBuildPhase;
			buildActionMask = 2147483647;
			dstPath = "";
			dstSubfolderSpec = 13;
			files = (
				B61370952F5370DB00DCA15B /* GeoPeekExtension.appex in Embed Foundation Extensions */,
				CC000001CC5399AA00DCA15B /* GeoPeekThumbnailExtension.appex in Embed Foundation Extensions */,
			);
			name = "Embed Foundation Extensions";
			runOnlyForDeploymentPostprocessing = 0;
		};
/* End PBXCopyFilesBuildPhase section */

/* Begin PBXFileReference section */
		B61370742F5370A500DCA15B /* GeoPeek.app */ = {isa = PBXFileReference; explicitFileType = wrapper.application; includeInIndex = 0; path = GeoPeek.app; sourceTree = BUILT_PRODUCTS_DIR; };
		B61370862F5370DB00DCA15B /* GeoPeekExtension.appex */ = {isa = PBXFileReference; explicitFileType = "wrapper.app-extension"; includeInIndex = 0; path = GeoPeekExtension.appex; sourceTree = BUILT_PRODUCTS_DIR; };
		B61370882F5370DB00DCA15B /* Quartz.framework */ = {isa = PBXFileReference; lastKnownFileType = wrapper.framework; name = Quartz.framework; path = System/Library/Frameworks/Quartz.framework; sourceTree = SDKROOT; };
		CC000004CC5399AA00DCA15B /* GeoPeekThumbnailExtension.appex */ = {isa = PBXFileReference; explicitFileType = "wrapper.app-extension"; includeInIndex = 0; path = GeoPeekThumbnailExtension.appex; sourceTree = BUILT_PRODUCTS_DIR; };
		CC000005CC5399AA00DCA15B /* QuickLookThumbnailing.framework */ = {isa = PBXFileReference; lastKnownFileType = wrapper.framework; name = QuickLookThumbnailing.framework; path = System/Library/Frameworks/QuickLookThumbnailing.framework; sourceTree = SDKROOT; };
/* End PBXFileReference section */

/* Begin PBXFileSystemSynchronizedBuildFileExceptionSet section */
		B61370962F5370DB00DCA15B /* Exceptions for "GeoPeekExtension" folder in "GeoPeekExtension" target */ = {
			isa = PBXFileSystemSynchronizedBuildFileExceptionSet;
			membershipExceptions = (
				Info.plist,
			);
			target = B61370852F5370DB00DCA15B /* GeoPeekExtension */;
		};
		CC000007CC5399AA00DCA15B /* Exceptions for "GeoPeekThumbnailExtension" folder in "GeoPeekThumbnailExtension" target */ = {
			isa = PBXFileSystemSynchronizedBuildFileExceptionSet;
			membershipExceptions = (
				Info.plist,
			);
			target = CC00000BCC5399AA00DCA15B /* GeoPeekThumbnailExtension */;
		};
		CC400001CC5399AA00DCA15B /* Exceptions for "GeoPeek" folder in "GeoPeek" target */ = {
			isa = PBXFileSystemSynchronizedBuildFileExceptionSet;
			membershipExceptions = (
				Info.plist,
			);
			target = B61370732F5370A500DCA15B /* GeoPeek */;
		};
/* End PBXFileSystemSynchronizedBuildFileExceptionSet section */

/* Begin PBXFileSystemSynchronizedRootGroup section */
		B61370762F5370A500DCA15B /* GeoPeek */ = {
			isa = PBXFileSystemSynchronizedRootGroup;
			exceptions = (
				CC400001CC5399AA00DCA15B /* Exceptions for "GeoPeek" folder in "GeoPeek" target */,
			);
			path = GeoPeek;
			sourceTree = "<group>";
		};
		B613708A2F5370DB00DCA15B /* GeoPeekExtension */ = {
			isa = PBXFileSystemSynchronizedRootGroup;
			exceptions = (
				B61370962F5370DB00DCA15B /* Exceptions for "GeoPeekExtension" folder in "GeoPeekExtension" target */,
			);
			path = GeoPeekExtension;
			sourceTree = "<group>";
		};
		CC000006CC5399AA00DCA15B /* GeoPeekThumbnailExtension */ = {
			isa = PBXFileSystemSynchronizedRootGroup;
			exceptions = (
				CC000007CC5399AA00DCA15B /* Exceptions for "GeoPeekThumbnailExtension" folder in "GeoPeekThumbnailExtension" target */,
			);
			path = GeoPeekThumbnailExtension;
			sourceTree = "<group>";
		};
		CC300001CC5399AA00DCA15B /* Shared */ = {
			isa = PBXFileSystemSynchronizedRootGroup;
			path = Shared;
			sourceTree = "<group>";
		};
/* End PBXFileSystemSynchronizedRootGroup section */

/* Begin PBXFrameworksBuildPhase section */
		B61370712F5370A500DCA15B /* Frameworks */ = {
			isa = PBXFrameworksBuildPhase;
			buildActionMask = 2147483647;
			files = (
			);
			runOnlyForDeploymentPostprocessing = 0;
		};
		B61370832F5370DB00DCA15B /* Frameworks */ = {
			isa = PBXFrameworksBuildPhase;
			buildActionMask = 2147483647;
			files = (
				B61370892F5370DB00DCA15B /* Quartz.framework in Frameworks */,
			);
			runOnlyForDeploymentPostprocessing = 0;
		};
		CC000008CC5399AA00DCA15B /* Frameworks */ = {
			isa = PBXFrameworksBuildPhase;
			buildActionMask = 2147483647;
			files = (
				CC000002CC5399AA00DCA15B /* QuickLookThumbnailing.framework in Frameworks */,
			);
			runOnlyForDeploymentPostprocessing = 0;
		};
/* End PBXFrameworksBuildPhase section */

/* Begin PBXGroup section */
		B613706B2F5370A500DCA15B = {
			isa = PBXGroup;
			children = (
				B61370762F5370A500DCA15B /* GeoPeek */,
				B613708A2F5370DB00DCA15B /* GeoPeekExtension */,
				CC000006CC5399AA00DCA15B /* GeoPeekThumbnailExtension */,
				CC300001CC5399AA00DCA15B /* Shared */,
				B61370872F5370DB00DCA15B /* Frameworks */,
				B61370752F5370A500DCA15B /* Products */,
			);
			sourceTree = "<group>";
		};
		B61370752F5370A500DCA15B /* Products */ = {
			isa = PBXGroup;
			children = (
				B61370742F5370A500DCA15B /* GeoPeek.app */,
				B61370862F5370DB00DCA15B /* GeoPeekExtension.appex */,
				CC000004CC5399AA00DCA15B /* GeoPeekThumbnailExtension.appex */,
			);
			name = Products;
			sourceTree = "<group>";
		};
		B61370872F5370DB00DCA15B /* Frameworks */ = {
			isa = PBXGroup;
			children = (
				B61370882F5370DB00DCA15B /* Quartz.framework */,
				CC000005CC5399AA00DCA15B /* QuickLookThumbnailing.framework */,
			);
			name = Frameworks;
			sourceTree = "<group>";
		};
/* End PBXGroup section */

/* Begin PBXNativeTarget section */
		B61370732F5370A500DCA15B /* GeoPeek */ = {
			isa = PBXNativeTarget;
			buildConfigurationList = B613707F2F5370A600DCA15B /* Build configuration list for PBXNativeTarget "GeoPeek" */;
			buildPhases = (
				B61370702F5370A500DCA15B /* Sources */,
				B61370712F5370A500DCA15B /* Frameworks */,
				B61370722F5370A500DCA15B /* Resources */,
				B613709A2F5370DB00DCA15B /* Embed Foundation Extensions */,
			);
			buildRules = (
			);
			dependencies = (
				B61370942F5370DB00DCA15B /* PBXTargetDependency */,
				CC00000CCC5399AA00DCA15B /* PBXTargetDependency */,
			);
			fileSystemSynchronizedGroups = (
				B61370762F5370A500DCA15B /* GeoPeek */,
				CC300001CC5399AA00DCA15B /* Shared */,
			);
			name = GeoPeek;
			packageProductDependencies = (
			);
			productName = GeoPeek;
			productReference = B61370742F5370A500DCA15B /* GeoPeek.app */;
			productType = "com.apple.product-type.application";
		};
		B61370852F5370DB00DCA15B /* GeoPeekExtension */ = {
			isa = PBXNativeTarget;
			buildConfigurationList = B61370972F5370DB00DCA15B /* Build configuration list for PBXNativeTarget "GeoPeekExtension" */;
			buildPhases = (
				B61370822F5370DB00DCA15B /* Sources */,
				B61370832F5370DB00DCA15B /* Frameworks */,
				B61370842F5370DB00DCA15B /* Resources */,
			);
			buildRules = (
			);
			dependencies = (
			);
			fileSystemSynchronizedGroups = (
				B613708A2F5370DB00DCA15B /* GeoPeekExtension */,
				CC300001CC5399AA00DCA15B /* Shared */,
			);
			name = GeoPeekExtension;
			packageProductDependencies = (
			);
			productName = GeoPeekExtension;
			productReference = B61370862F5370DB00DCA15B /* GeoPeekExtension.appex */;
			productType = "com.apple.product-type.app-extension";
		};
		CC00000BCC5399AA00DCA15B /* GeoPeekThumbnailExtension */ = {
			isa = PBXNativeTarget;
			buildConfigurationList = CC00000FCC5399AA00DCA15B /* Build configuration list for PBXNativeTarget "GeoPeekThumbnailExtension" */;
			buildPhases = (
				CC00000ACC5399AA00DCA15B /* Sources */,
				CC000008CC5399AA00DCA15B /* Frameworks */,
				CC000009CC5399AA00DCA15B /* Resources */,
			);
			buildRules = (
			);
			dependencies = (
			);
			fileSystemSynchronizedGroups = (
				CC000006CC5399AA00DCA15B /* GeoPeekThumbnailExtension */,
			);
			name = GeoPeekThumbnailExtension;
			packageProductDependencies = (
			);
			productName = GeoPeekThumbnailExtension;
			productReference = CC000004CC5399AA00DCA15B /* GeoPeekThumbnailExtension.appex */;
			productType = "com.apple.product-type.app-extension";
		};
/* End PBXNativeTarget section */

/* Begin PBXProject section */
		B613706C2F5370A500DCA15B /* Project object */ = {
			isa = PBXProject;
			attributes = {
				BuildIndependentTargetsInParallel = 1;
				LastSwiftUpdateCheck = 2630;
				LastUpgradeCheck = 2630;
				TargetAttributes = {
					B61370732F5370A500DCA15B = {
						CreatedOnToolsVersion = 26.3;
					};
					B61370852F5370DB00DCA15B = {
						CreatedOnToolsVersion = 26.3;
					};
					CC00000BCC5399AA00DCA15B = {
						CreatedOnToolsVersion = 26.3;
					};
				};
			};
			buildConfigurationList = B613706F2F5370A500DCA15B /* Build configuration list for PBXProject "GeoPeek" */;
			developmentRegion = en;
			hasScannedForEncodings = 0;
			knownRegions = (
				en,
				Base,
			);
			mainGroup = B613706B2F5370A500DCA15B;
			minimizedProjectReferenceProxies = 1;
			preferredProjectObjectVersion = 77;
			productRefGroup = B61370752F5370A500DCA15B /* Products */;
			projectDirPath = "";
			projectRoot = "";
			targets = (
				B61370732F5370A500DCA15B /* GeoPeek */,
				B61370852F5370DB00DCA15B /* GeoPeekExtension */,
				CC00000BCC5399AA00DCA15B /* GeoPeekThumbnailExtension */,
			);
		};
/* End PBXProject section */

/* Begin PBXResourcesBuildPhase section */
		B61370722F5370A500DCA15B /* Resources */ = {
			isa = PBXResourcesBuildPhase;
			buildActionMask = 2147483647;
			files = (
			);
			runOnlyForDeploymentPostprocessing = 0;
		};
		B61370842F5370DB00DCA15B /* Resources */ = {
			isa = PBXResourcesBuildPhase;
			buildActionMask = 2147483647;
			files = (
			);
			runOnlyForDeploymentPostprocessing = 0;
		};
		CC000009CC5399AA00DCA15B /* Resources */ = {
			isa = PBXResourcesBuildPhase;
			buildActionMask = 2147483647;
			files = (
			);
			runOnlyForDeploymentPostprocessing = 0;
		};
/* End PBXResourcesBuildPhase section */

/* Begin PBXSourcesBuildPhase section */
		B61370702F5370A500DCA15B /* Sources */ = {
			isa = PBXSourcesBuildPhase;
			buildActionMask = 2147483647;
			files = (
			);
			runOnlyForDeploymentPostprocessing = 0;
		};
		B61370822F5370DB00DCA15B /* Sources */ = {
			isa = PBXSourcesBuildPhase;
			buildActionMask = 2147483647;
			files = (
			);
			runOnlyForDeploymentPostprocessing = 0;
		};
		CC00000ACC5399AA00DCA15B /* Sources */ = {
			isa = PBXSourcesBuildPhase;
			buildActionMask = 2147483647;
			files = (
			);
			runOnlyForDeploymentPostprocessing = 0;
		};
/* End PBXSourcesBuildPhase section */

/* Begin PBXTargetDependency section */
		B61370942F5370DB00DCA15B /* PBXTargetDependency */ = {
			isa = PBXTargetDependency;
			target = B61370852F5370DB00DCA15B /* GeoPeekExtension */;
			targetProxy = B61370932F5370DB00DCA15B /* PBXContainerItemProxy */;
		};
		CC00000CCC5399AA00DCA15B /* PBXTargetDependency */ = {
			isa = PBXTargetDependency;
			target = CC00000BCC5399AA00DCA15B /* GeoPeekThumbnailExtension */;
			targetProxy = CC000003CC5399AA00DCA15B /* PBXContainerItemProxy */;
		};
/* End PBXTargetDependency section */

/* Begin XCBuildConfiguration section */
		B613707D2F5370A600DCA15B /* Debug */ = {
			isa = XCBuildConfiguration;
			buildSettings = {
				ALWAYS_SEARCH_USER_PATHS = NO;
				ASSETCATALOG_COMPILER_GENERATE_SWIFT_ASSET_SYMBOL_EXTENSIONS = YES;
				CLANG_ANALYZER_NONNULL = YES;
				CLANG_ANALYZER_NUMBER_OBJECT_CONVERSION = YES_AGGRESSIVE;
				CLANG_CXX_LANGUAGE_STANDARD = "gnu++20";
				CLANG_ENABLE_MODULES = YES;
				CLANG_ENABLE_OBJC_ARC = YES;
				CLANG_ENABLE_OBJC_WEAK = YES;
				CLANG_WARN_BLOCK_CAPTURE_AUTORELEASING = YES;
				CLANG_WARN_BOOL_CONVERSION = YES;
				CLANG_WARN_COMMA = YES;
				CLANG_WARN_CONSTANT_CONVERSION = YES;
				CLANG_WARN_DEPRECATED_OBJC_IMPLEMENTATIONS = YES;
				CLANG_WARN_DIRECT_OBJC_ISA_USAGE = YES_ERROR;
				CLANG_WARN_DOCUMENTATION_COMMENTS = YES;
				CLANG_WARN_EMPTY_BODY = YES;
				CLANG_WARN_ENUM_CONVERSION = YES;
				CLANG_WARN_INFINITE_RECURSION = YES;
				CLANG_WARN_INT_CONVERSION = YES;
				CLANG_WARN_NON_LITERAL_NULL_CONVERSION = YES;
				CLANG_WARN_OBJC_IMPLICIT_RETAIN_SELF = YES;
				CLANG_WARN_OBJC_LITERAL_CONVERSION = YES;
				CLANG_WARN_OBJC_ROOT_CLASS = YES_ERROR;
				CLANG_WARN_QUOTED_INCLUDE_IN_FRAMEWORK_HEADER = YES;
				CLANG_WARN_RANGE_LOOP_ANALYSIS = YES;
				CLANG_WARN_STRICT_PROTOTYPES = YES;
				CLANG_WARN_SUSPICIOUS_MOVE = YES;
				CLANG_WARN_UNGUARDED_AVAILABILITY = YES_AGGRESSIVE;
				CLANG_WARN_UNREACHABLE_CODE = YES;
				CLANG_WARN__DUPLICATE_METHOD_MATCH = YES;
				CODE_SIGN_STYLE = Manual;
				COPY_PHASE_STRIP = NO;
				DEBUG_INFORMATION_FORMAT = dwarf;
				ENABLE_STRICT_OBJC_MSGSEND = YES;
				ENABLE_TESTABILITY = YES;
				ENABLE_USER_SCRIPT_SANDBOXING = YES;
				GCC_C_LANGUAGE_STANDARD = gnu17;
				GCC_DYNAMIC_NO_PIC = NO;
				GCC_NO_COMMON_BLOCKS = YES;
				GCC_OPTIMIZATION_LEVEL = 0;
				GCC_PREPROCESSOR_DEFINITIONS = (
					"DEBUG=1",
					"$(inherited)",
				);
				GCC_WARN_64_TO_32_BIT_CONVERSION = YES;
				GCC_WARN_ABOUT_RETURN_TYPE = YES_ERROR;
				GCC_WARN_UNDECLARED_SELECTOR = YES;
				GCC_WARN_UNINITIALIZED_AUTOS = YES_AGGRESSIVE;
				GCC_WARN_UNUSED_FUNCTION = YES;
				GCC_WARN_UNUSED_VARIABLE = YES;
				LOCALIZATION_PREFERS_STRING_CATALOGS = YES;
				MACOSX_DEPLOYMENT_TARGET = 14.0;
				MTL_ENABLE_DEBUG_INFO = INCLUDE_SOURCE;
				MTL_FAST_MATH = YES;
				ONLY_ACTIVE_ARCH = YES;
				SDKROOT = macosx;
				SWIFT_ACTIVE_COMPILATION_CONDITIONS = "DEBUG $(inherited)";
				SWIFT_OPTIMIZATION_LEVEL = "-Onone";
			};
			name = Debug;
		};
		B613707E2F5370A600DCA15B /* Release */ = {
			isa = XCBuildConfiguration;
			buildSettings = {
				ALWAYS_SEARCH_USER_PATHS = NO;
				ASSETCATALOG_COMPILER_GENERATE_SWIFT_ASSET_SYMBOL_EXTENSIONS = YES;
				CLANG_ANALYZER_NONNULL = YES;
				CLANG_ANALYZER_NUMBER_OBJECT_CONVERSION = YES_AGGRESSIVE;
				CLANG_CXX_LANGUAGE_STANDARD = "gnu++20";
				CLANG_ENABLE_MODULES = YES;
				CLANG_ENABLE_OBJC_ARC = YES;
				CLANG_ENABLE_OBJC_WEAK = YES;
				CLANG_WARN_BLOCK_CAPTURE_AUTORELEASING = YES;
				CLANG_WARN_BOOL_CONVERSION = YES;
				CLANG_WARN_COMMA = YES;
				CLANG_WARN_CONSTANT_CONVERSION = YES;
				CLANG_WARN_DEPRECATED_OBJC_IMPLEMENTATIONS = YES;
				CLANG_WARN_DIRECT_OBJC_ISA_USAGE = YES_ERROR;
				CLANG_WARN_DOCUMENTATION_COMMENTS = YES;
				CLANG_WARN_EMPTY_BODY = YES;
				CLANG_WARN_ENUM_CONVERSION = YES;
				CLANG_WARN_INFINITE_RECURSION = YES;
				CLANG_WARN_INT_CONVERSION = YES;
				CLANG_WARN_NON_LITERAL_NULL_CONVERSION = YES;
				CLANG_WARN_OBJC_IMPLICIT_RETAIN_SELF = YES;
				CLANG_WARN_OBJC_LITERAL_CONVERSION = YES;
				CLANG_WARN_OBJC_ROOT_CLASS = YES_ERROR;
				CLANG_WARN_QUOTED_INCLUDE_IN_FRAMEWORK_HEADER = YES;
				CLANG_WARN_RANGE_LOOP_ANALYSIS = YES;
				CLANG_WARN_STRICT_PROTOTYPES = YES;
				CLANG_WARN_SUSPICIOUS_MOVE = YES;
				CLANG_WARN_UNGUARDED_AVAILABILITY = YES_AGGRESSIVE;
				CLANG_WARN_UNREACHABLE_CODE = YES;
				CLANG_WARN__DUPLICATE_METHOD_MATCH = YES;
				CODE_SIGN_STYLE = Manual;
				COPY_PHASE_STRIP = NO;
				DEBUG_INFORMATION_FORMAT = "dwarf-with-dsym";
				ENABLE_NS_ASSERTIONS = NO;
				ENABLE_STRICT_OBJC_MSGSEND = YES;
				ENABLE_USER_SCRIPT_SANDBOXING = YES;
				GCC_C_LANGUAGE_STANDARD = gnu17;
				GCC_NO_COMMON_BLOCKS = YES;
				GCC_WARN_64_TO_32_BIT_CONVERSION = YES;
				GCC_WARN_ABOUT_RETURN_TYPE = YES_ERROR;
				GCC_WARN_UNDECLARED_SELECTOR = YES;
				GCC_WARN_UNINITIALIZED_AUTOS = YES_AGGRESSIVE;
				GCC_WARN_UNUSED_FUNCTION = YES;
				GCC_WARN_UNUSED_VARIABLE = YES;
				LOCALIZATION_PREFERS_STRING_CATALOGS = YES;
				MACOSX_DEPLOYMENT_TARGET = 14.0;
				MTL_ENABLE_DEBUG_INFO = NO;
				MTL_FAST_MATH = YES;
				SDKROOT = macosx;
				SWIFT_COMPILATION_MODE = wholemodule;
			};
			name = Release;
		};
		B61370802F5370A600DCA15B /* Debug */ = {
			isa = XCBuildConfiguration;
			buildSettings = {
				ASSETCATALOG_COMPILER_APPICON_NAME = AppIcon;
				ASSETCATALOG_COMPILER_GLOBAL_ACCENT_COLOR_NAME = AccentColor;
				CODE_SIGN_ENTITLEMENTS = GeoPeek/GeoPeek.entitlements;
				CODE_SIGN_STYLE = Automatic;
				COMBINE_HIDPI_IMAGES = YES;
				CURRENT_PROJECT_VERSION = 1;
				ENABLE_APP_SANDBOX = YES;
				ENABLE_PREVIEWS = YES;
				ENABLE_USER_SELECTED_FILES = readonly;
				GENERATE_INFOPLIST_FILE = YES;
				INFOPLIST_FILE = GeoPeek/Info.plist;
				INFOPLIST_KEY_NSHumanReadableCopyright = "";
				LD_RUNPATH_SEARCH_PATHS = (
					"$(inherited)",
					"@executable_path/../Frameworks",
				);
				MARKETING_VERSION = 0.1.1;
				PRODUCT_BUNDLE_IDENTIFIER = dev.serifsadi.GeoPeek;
				PRODUCT_NAME = "$(TARGET_NAME)";
				REGISTER_APP_GROUPS = YES;
				STRING_CATALOG_GENERATE_SYMBOLS = YES;
				SWIFT_APPROACHABLE_CONCURRENCY = YES;
				SWIFT_DEFAULT_ACTOR_ISOLATION = MainActor;
				SWIFT_EMIT_LOC_STRINGS = YES;
				SWIFT_UPCOMING_FEATURE_MEMBER_IMPORT_VISIBILITY = YES;
				SWIFT_VERSION = 5.0;
			};
			name = Debug;
		};
		B61370812F5370A600DCA15B /* Release */ = {
			isa = XCBuildConfiguration;
			buildSettings = {
				ASSETCATALOG_COMPILER_APPICON_NAME = AppIcon;
				ASSETCATALOG_COMPILER_GLOBAL_ACCENT_COLOR_NAME = AccentColor;
				CODE_SIGN_ENTITLEMENTS = GeoPeek/GeoPeek.entitlements;
				CODE_SIGN_STYLE = Automatic;
				COMBINE_HIDPI_IMAGES = YES;
				CURRENT_PROJECT_VERSION = 1;
				ENABLE_APP_SANDBOX = YES;
				ENABLE_PREVIEWS = YES;
				ENABLE_USER_SELECTED_FILES = readonly;
				GENERATE_INFOPLIST_FILE = YES;
				INFOPLIST_FILE = GeoPeek/Info.plist;
				INFOPLIST_KEY_NSHumanReadableCopyright = "";
				LD_RUNPATH_SEARCH_PATHS = (
					"$(inherited)",
					"@executable_path/../Frameworks",
				);
				MARKETING_VERSION = 0.1.1;
				PRODUCT_BUNDLE_IDENTIFIER = dev.serifsadi.GeoPeek;
				PRODUCT_NAME = "$(TARGET_NAME)";
				REGISTER_APP_GROUPS = YES;
				STRING_CATALOG_GENERATE_SYMBOLS = YES;
				SWIFT_APPROACHABLE_CONCURRENCY = YES;
				SWIFT_DEFAULT_ACTOR_ISOLATION = MainActor;
				SWIFT_EMIT_LOC_STRINGS = YES;
				SWIFT_UPCOMING_FEATURE_MEMBER_IMPORT_VISIBILITY = YES;
				SWIFT_VERSION = 5.0;
			};
			name = Release;
		};
		B61370982F5370DB00DCA15B /* Debug */ = {
			isa = XCBuildConfiguration;
			buildSettings = {
				"CODE_SIGN_IDENTITY[sdk=macosx*]" = "-";
				CODE_SIGN_STYLE = Manual;
				CURRENT_PROJECT_VERSION = 1;
				"DEVELOPMENT_TEAM[sdk=macosx*]" = 7W797GT86L;
				ENABLE_APP_SANDBOX = YES;
				ENABLE_INCOMING_NETWORK_CONNECTIONS = NO;
				ENABLE_OUTGOING_NETWORK_CONNECTIONS = YES;
				ENABLE_RESOURCE_ACCESS_AUDIO_INPUT = NO;
				ENABLE_RESOURCE_ACCESS_BLUETOOTH = NO;
				ENABLE_RESOURCE_ACCESS_CALENDARS = NO;
				ENABLE_RESOURCE_ACCESS_CAMERA = NO;
				ENABLE_RESOURCE_ACCESS_CONTACTS = NO;
				ENABLE_RESOURCE_ACCESS_LOCATION = NO;
				ENABLE_RESOURCE_ACCESS_PRINTING = NO;
				ENABLE_RESOURCE_ACCESS_USB = NO;
				ENABLE_USER_SELECTED_FILES = readonly;
				GENERATE_INFOPLIST_FILE = YES;
				INFOPLIST_FILE = GeoPeekExtension/Info.plist;
				INFOPLIST_KEY_CFBundleDisplayName = GeoPeekExtension;
				INFOPLIST_KEY_NSHumanReadableCopyright = "";
				LD_RUNPATH_SEARCH_PATHS = (
					"$(inherited)",
					"@executable_path/../Frameworks",
					"@executable_path/../../../../Frameworks",
				);
				MARKETING_VERSION = 0.1.1;
				NEW_SETTING = "";
				PRODUCT_BUNDLE_IDENTIFIER = dev.serifsadi.GeoPeek.GeoPeekExtension;
				PRODUCT_NAME = "$(TARGET_NAME)";
				SKIP_INSTALL = YES;
				STRING_CATALOG_GENERATE_SYMBOLS = YES;
				SWIFT_APPROACHABLE_CONCURRENCY = YES;
				SWIFT_EMIT_LOC_STRINGS = YES;
				SWIFT_UPCOMING_FEATURE_MEMBER_IMPORT_VISIBILITY = YES;
				SWIFT_VERSION = 5.0;
			};
			name = Debug;
		};
		B61370992F5370DB00DCA15B /* Release */ = {
			isa = XCBuildConfiguration;
			buildSettings = {
				"CODE_SIGN_IDENTITY[sdk=macosx*]" = "-";
				CODE_SIGN_STYLE = Manual;
				CURRENT_PROJECT_VERSION = 1;
				"DEVELOPMENT_TEAM[sdk=macosx*]" = 7W797GT86L;
				ENABLE_APP_SANDBOX = YES;
				ENABLE_INCOMING_NETWORK_CONNECTIONS = NO;
				ENABLE_OUTGOING_NETWORK_CONNECTIONS = YES;
				ENABLE_RESOURCE_ACCESS_AUDIO_INPUT = NO;
				ENABLE_RESOURCE_ACCESS_BLUETOOTH = NO;
				ENABLE_RESOURCE_ACCESS_CALENDARS = NO;
				ENABLE_RESOURCE_ACCESS_CAMERA = NO;
				ENABLE_RESOURCE_ACCESS_CONTACTS = NO;
				ENABLE_RESOURCE_ACCESS_LOCATION = NO;
				ENABLE_RESOURCE_ACCESS_PRINTING = NO;
				ENABLE_RESOURCE_ACCESS_USB = NO;
				ENABLE_USER_SELECTED_FILES = readonly;
				GENERATE_INFOPLIST_FILE = YES;
				INFOPLIST_FILE = GeoPeekExtension/Info.plist;
				INFOPLIST_KEY_CFBundleDisplayName = GeoPeekExtension;
				INFOPLIST_KEY_NSHumanReadableCopyright = "";
				LD_RUNPATH_SEARCH_PATHS = (
					"$(inherited)",
					"@executable_path/../Frameworks",
					"@executable_path/../../../../Frameworks",
				);
				MARKETING_VERSION = 0.1.1;
				NEW_SETTING = "";
				PRODUCT_BUNDLE_IDENTIFIER = dev.serifsadi.GeoPeek.GeoPeekExtension;
				PRODUCT_NAME = "$(TARGET_NAME)";
				SKIP_INSTALL = YES;
				STRING_CATALOG_GENERATE_SYMBOLS = YES;
				SWIFT_APPROACHABLE_CONCURRENCY = YES;
				SWIFT_EMIT_LOC_STRINGS = YES;
				SWIFT_UPCOMING_FEATURE_MEMBER_IMPORT_VISIBILITY = YES;
				SWIFT_VERSION = 5.0;
			};
			name = Release;
		};
		CC00000DCC5399AA00DCA15B /* Debug */ = {
			isa = XCBuildConfiguration;
			buildSettings = {
				"CODE_SIGN_IDENTITY[sdk=macosx*]" = "-";
				CODE_SIGN_STYLE = Manual;
				CURRENT_PROJECT_VERSION = 1;
				"DEVELOPMENT_TEAM[sdk=macosx*]" = 7W797GT86L;
				ENABLE_APP_SANDBOX = YES;
				ENABLE_INCOMING_NETWORK_CONNECTIONS = NO;
				ENABLE_OUTGOING_NETWORK_CONNECTIONS = NO;
				ENABLE_USER_SELECTED_FILES = readonly;
				GENERATE_INFOPLIST_FILE = YES;
				INFOPLIST_FILE = GeoPeekThumbnailExtension/Info.plist;
				INFOPLIST_KEY_CFBundleDisplayName = GeoPeekThumbnailExtension;
				INFOPLIST_KEY_NSHumanReadableCopyright = "";
				LD_RUNPATH_SEARCH_PATHS = (
					"$(inherited)",
					"@executable_path/../Frameworks",
					"@executable_path/../../../../Frameworks",
				);
				MARKETING_VERSION = 0.1.1;
				PRODUCT_BUNDLE_IDENTIFIER = dev.serifsadi.GeoPeek.GeoPeekThumbnailExtension;
				PRODUCT_NAME = "$(TARGET_NAME)";
				SKIP_INSTALL = YES;
				STRING_CATALOG_GENERATE_SYMBOLS = YES;
				SWIFT_APPROACHABLE_CONCURRENCY = YES;
				SWIFT_EMIT_LOC_STRINGS = YES;
				SWIFT_UPCOMING_FEATURE_MEMBER_IMPORT_VISIBILITY = YES;
				SWIFT_VERSION = 5.0;
			};
			name = Debug;
		};
		CC00000ECC5399AA00DCA15B /* Release */ = {
			isa = XCBuildConfiguration;
			buildSettings = {
				"CODE_SIGN_IDENTITY[sdk=macosx*]" = "-";
				CODE_SIGN_STYLE = Manual;
				CURRENT_PROJECT_VERSION = 1;
				"DEVELOPMENT_TEAM[sdk=macosx*]" = 7W797GT86L;
				ENABLE_APP_SANDBOX = YES;
				ENABLE_INCOMING_NETWORK_CONNECTIONS = NO;
				ENABLE_OUTGOING_NETWORK_CONNECTIONS = NO;
				ENABLE_USER_SELECTED_FILES = readonly;
				GENERATE_INFOPLIST_FILE = YES;
				INFOPLIST_FILE = GeoPeekThumbnailExtension/Info.plist;
				INFOPLIST_KEY_CFBundleDisplayName = GeoPeekThumbnailExtension;
				INFOPLIST_KEY_NSHumanReadableCopyright = "";
				LD_RUNPATH_SEARCH_PATHS = (
					"$(inherited)",
					"@executable_path/../Frameworks",
					"@executable_path/../../../../Frameworks",
				);
				MARKETING_VERSION = 0.1.1;
				PRODUCT_BUNDLE_IDENTIFIER = dev.serifsadi.GeoPeek.GeoPeekThumbnailExtension;
				PRODUCT_NAME = "$(TARGET_NAME)";
				SKIP_INSTALL = YES;
				STRING_CATALOG_GENERATE_SYMBOLS = YES;
				SWIFT_APPROACHABLE_CONCURRENCY = YES;
				SWIFT_EMIT_LOC_STRINGS = YES;
				SWIFT_UPCOMING_FEATURE_MEMBER_IMPORT_VISIBILITY = YES;
				SWIFT_VERSION = 5.0;
			};
			name = Release;
		};
/* End XCBuildConfiguration section */

/* Begin XCConfigurationList section */
		B613706F2F5370A500DCA15B /* Build configuration list for PBXProject "GeoPeek" */ = {
			isa = XCConfigurationList;
			buildConfigurations = (
				B613707D2F5370A600DCA15B /* Debug */,
				B613707E2F5370A600DCA15B /* Release */,
			);
			defaultConfigurationIsVisible = 0;
			defaultConfigurationName = Release;
		};
		B613707F2F5370A600DCA15B /* Build configuration list for PBXNativeTarget "GeoPeek" */ = {
			isa = XCConfigurationList;
			buildConfigurations = (
				B61370802F5370A600DCA15B /* Debug */,
				B61370812F5370A600DCA15B /* Release */,
			);
			defaultConfigurationIsVisible = 0;
			defaultConfigurationName = Release;
		};
		B61370972F5370DB00DCA15B /* Build configuration list for PBXNativeTarget "GeoPeekExtension" */ = {
			isa = XCConfigurationList;
			buildConfigurations = (
				B61370982F5370DB00DCA15B /* Debug */,
				B61370992F5370DB00DCA15B /* Release */,
			);
			defaultConfigurationIsVisible = 0;
			defaultConfigurationName = Release;
		};
		CC00000FCC5399AA00DCA15B /* Build configuration list for PBXNativeTarget "GeoPeekThumbnailExtension" */ = {
			isa = XCConfigurationList;
			buildConfigurations = (
				CC00000DCC5399AA00DCA15B /* Debug */,
				CC00000ECC5399AA00DCA15B /* Release */,
			);
			defaultConfigurationIsVisible = 0;
			defaultConfigurationName = Release;
		};
/* End XCConfigurationList section */
	};
	rootObject = B613706C2F5370A500DCA15B /* Project object */;
}
